
Microsoft Visual Studio Solution File, Format Version 12.00
# Visual Studio Version 17
VisualStudioVersion = 17.4.33205.214
MinimumVisualStudioVersion = 10.0.40219.1
Project("{FAE04EC0-301F-11D3-BF4B-00C04F79EFBC}") = "Lab2Inheritance", "Lab2Inheritance\Lab2Inheritance.csproj", "{5849BEB5-CCD1-46B7-9BCF-15207E5B1951}"
EndProject
Global
	GlobalSection(SolutionConfigurationPlatforms) = preSolution
		Debug|Any CPU = Debug|Any CPU
		Release|Any CPU = Release|Any CPU
	EndGlobalSection
	GlobalSection(ProjectConfigurationPlatforms) = postSolution
		{5849BEB5-CCD1-46B7-9BCF-15207E5B1951}.Debug|Any CPU.ActiveCfg = Debug|Any CPU
		{5849BEB5-CCD1-46B7-9BCF-15207E5B1951}.Debug|Any CPU.Build.0 = Debug|Any CPU
		{5849BEB5-CCD1-46B7-9BCF-15207E5B1951}.Release|Any CPU.ActiveCfg = Release|Any CPU
		{5849BEB5-CCD1-46B7-9BCF-15207E5B1951}.Release|Any CPU.Build.0 = Release|Any CPU
	EndGlobalSection
	GlobalSection(SolutionProperties) = preSolution
		HideSolutionNode = FALSE
	EndGlobalSection
	GlobalSection(ExtensibilityGlobals) = postSolution
		SolutionGuid = {CE3B5C0F-2760-469B-B104-D96ADB2607C3}
	EndGlobalSection
EndGlobal
